
Microsoft Visual Studio Solution File, Format Version 12.00
# Visual Studio Version 16
VisualStudioVersion = 16.0.30309.148
MinimumVisualStudioVersion = 10.0.40219.1
Project("{FAE04EC0-301F-11D3-BF4B-00C04F79EFBC}") = "TesteAlfa", "TesteAlfa\TesteAlfa.csproj", "{C9699C6A-0F21-49F5-910C-FCB56A0118E3}"
EndProject
Global
	GlobalSection(SolutionConfigurationPlatforms) = preSolution
		Debug|Any CPU = Debug|Any CPU
		Release|Any CPU = Release|Any CPU
	EndGlobalSection
	GlobalSection(ProjectConfigurationPlatforms) = postSolution
		{C9699C6A-0F21-49F5-910C-FCB56A0118E3}.Debug|Any CPU.ActiveCfg = Debug|Any CPU
		{C9699C6A-0F21-49F5-910C-FCB56A0118E3}.Debug|Any CPU.Build.0 = Debug|Any CPU
		{C9699C6A-0F21-49F5-910C-FCB56A0118E3}.Release|Any CPU.ActiveCfg = Release|Any CPU
		{C9699C6A-0F21-49F5-910C-FCB56A0118E3}.Release|Any CPU.Build.0 = Release|Any CPU
	EndGlobalSection
	GlobalSection(SolutionProperties) = preSolution
		HideSolutionNode = FALSE
	EndGlobalSection
	GlobalSection(ExtensibilityGlobals) = postSolution
		SolutionGuid = {831F9B1F-B8D1-40D4-99EE-1126B734F1ED}
	EndGlobalSection
EndGlobal
